// !$*UTF8*$!
{
	archiveVersion = 1;
	classes = {
	};
	objectVersion = 77;
	objects = {

/* Begin PBXBuildFile section */
		E70D0AD52D9E84DD00C9CB48 /* Citadel in Frameworks */ = {isa = PBXBuildFile; productRef = E70D0AD42D9E84DD00C9CB48 /* Citadel */; };
		E7150E532D631F8B009C4217 /* KeychainAccess in Frameworks */ = {isa = PBXBuildFile; productRef = E7150E522D631F8B009C4217 /* KeychainAccess */; };
		E76AA8B62D8423E00009CA6F /* SimpleToast in Frameworks */ = {isa = PBXBuildFile; productRef = E76AA8B52D8423E00009CA6F /* SimpleToast */; };
		E77791BD2DF16BAD0004A54D /* MobileVLCKit.xcframework in Frameworks */ = {isa = PBXBuildFile; fileRef = E71532C02D77E0BD000BB18F /* MobileVLCKit.xcframework */; platformFilter = ios; };
		E7F5F3F02D718B2700079054 /* FilePicker in Frameworks */ = {isa = PBXBuildFile; productRef = E7F5F3EF2D718B2700079054 /* FilePicker */; };
		E7F968E82D89307700A19857 /* README.md in Resources */ = {isa = PBXBuildFile; fileRef = E7F968E72D89307700A19857 /* README.md */; };
/* End PBXBuildFile section */

/* Begin PBXContainerItemProxy section */
		E7150E2F2D631D0A009C4217 /* PBXContainerItemProxy */ = {
			isa = PBXContainerItemProxy;
			containerPortal = E7150E0F2D631D08009C4217 /* Project object */;
			proxyType = 1;
			remoteGlobalIDString = E7150E162D631D08009C4217;
			remoteInfo = "Throttle 2";
		};
		E7150E392D631D0A009C4217 /* PBXContainerItemProxy */ = {
			isa = PBXContainerItemProxy;
			containerPortal = E7150E0F2D631D08009C4217 /* Project object */;
			proxyType = 1;
			remoteGlobalIDString = E7150E162D631D08009C4217;
			remoteInfo = "Throttle 2";
		};
/* End PBXContainerItemProxy section */

/* Begin PBXCopyFilesBuildPhase section */
		E73ED5362DD184A000933671 /* Copy Files */ = {
			isa = PBXCopyFilesBuildPhase;
			buildActionMask = 12;
			dstPath = Contents/Library/LoginItems;
			dstSubfolderSpec = 1;
			files = (
			);
			name = "Copy Files";
			runOnlyForDeploymentPostprocessing = 0;
		};
		E7F96D9C2D8F611800A19857 /* Embed Foundation Extensions */ = {
			isa = PBXCopyFilesBuildPhase;
			buildActionMask = 2147483647;
			dstPath = "";
			dstSubfolderSpec = 13;
			files = (
			);
			name = "Embed Foundation Extensions";
			runOnlyForDeploymentPostprocessing = 0;
		};
/* End PBXCopyFilesBuildPhase section */

/* Begin PBXFileReference section */
		E7150E172D631D08009C4217 /* Throttle 2.app */ = {isa = PBXFileReference; explicitFileType = wrapper.application; includeInIndex = 0; path = "Throttle 2.app"; sourceTree = BUILT_PRODUCTS_DIR; };
		E7150E2E2D631D0A009C4217 /* Throttle 2Tests.xctest */ = {isa = PBXFileReference; explicitFileType = wrapper.cfbundle; includeInIndex = 0; path = "Throttle 2Tests.xctest"; sourceTree = BUILT_PRODUCTS_DIR; };
		E7150E382D631D0A009C4217 /* Throttle 2UITests.xctest */ = {isa = PBXFileReference; explicitFileType = wrapper.cfbundle; includeInIndex = 0; path = "Throttle 2UITests.xctest"; sourceTree = BUILT_PRODUCTS_DIR; };
		E71532C02D77E0BD000BB18F /* MobileVLCKit.xcframework */ = {isa = PBXFileReference; lastKnownFileType = wrapper.xcframework; name = MobileVLCKit.xcframework; path = Pods/MobileVLCKit/MobileVLCKit.xcframework; sourceTree = "<group>"; };
		E7BEDF612D6EF03300E72E6F /* UniformTypeIdentifiers.framework */ = {isa = PBXFileReference; lastKnownFileType = wrapper.framework; name = UniformTypeIdentifiers.framework; path = System/Library/Frameworks/UniformTypeIdentifiers.framework; sourceTree = SDKROOT; };
		E7F968E72D89307700A19857 /* README.md */ = {isa = PBXFileReference; lastKnownFileType = net.daringfireball.markdown; path = README.md; sourceTree = "<group>"; };
		E7F96D8C2D8F611800A19857 /* QuickLookThumbnailing.framework */ = {isa = PBXFileReference; lastKnownFileType = wrapper.framework; name = QuickLookThumbnailing.framework; path = System/Library/Frameworks/QuickLookThumbnailing.framework; sourceTree = SDKROOT; };
		E7F96D8E2D8F611800A19857 /* Quartz.framework */ = {isa = PBXFileReference; lastKnownFileType = wrapper.framework; name = Quartz.framework; path = System/Library/Frameworks/Quartz.framework; sourceTree = SDKROOT; };
/* End PBXFileReference section */

/* Begin PBXFileSystemSynchronizedBuildFileExceptionSet section */
		E77CF6482D704F40002705A5 /* Exceptions for "Throttle 2" folder in "Throttle 2" target */ = {
			isa = PBXFileSystemSynchronizedBuildFileExceptionSet;
			membershipExceptions = (
				Info.plist,
				"Preview Content/Preview Assets.xcassets",
			);
			platformFiltersByRelativePath = {
				SSH/Mounting/MountManager.swift = (macos, );
				SSH/Thumbnails/ThumbnailManagerLocal.swift = (macos, );
			};
			target = E7150E162D631D08009C4217 /* Throttle 2 */;
		};
		E7F96B862D8BF87300A19857 /* Exceptions for "Resources" folder in "Throttle 2" target */ = {
			isa = PBXFileSystemSynchronizedBuildFileExceptionSet;
			membershipExceptions = (
				"install-ffmpeg-static.sh",
				"libevent-2.1.7.dylib",
				libminiupnpc.21.dylib,
			);
			platformFiltersByRelativePath = {
				"transmission-daemon" = (macos, );
				"transmission-remote" = (macos, );
			};
			target = E7150E162D631D08009C4217 /* Throttle 2 */;
		};
/* End PBXFileSystemSynchronizedBuildFileExceptionSet section */

/* Begin PBXFileSystemSynchronizedGroupBuildPhaseMembershipExceptionSet section */
		E7A48F682E52DBE400EC9193 /* Exceptions for "Resources" folder in "Copy Bundle Resources" phase from "Throttle 2" target */ = {
			isa = PBXFileSystemSynchronizedGroupBuildPhaseMembershipExceptionSet;
			buildPhase = E7150E152D631D08009C4217 /* Resources */;
			membershipExceptions = (
				"libevent-2.1.7.dylib",
				libminiupnpc.21.dylib,
			);
			platformFiltersByRelativePath = {
				"libevent-2.1.7.dylib" = (macos, );
				libminiupnpc.21.dylib = (macos, );
			};
		};
/* End PBXFileSystemSynchronizedGroupBuildPhaseMembershipExceptionSet section */

/* Begin PBXFileSystemSynchronizedRootGroup section */
		E77CF62C2D704F40002705A5 /* Throttle 2 */ = {
			isa = PBXFileSystemSynchronizedRootGroup;
			exceptions = (
				E77CF6482D704F40002705A5 /* Exceptions for "Throttle 2" folder in "Throttle 2" target */,
			);
			path = "Throttle 2";
			sourceTree = "<group>";
		};
		E7F96B7A2D8BC88600A19857 /* Resources */ = {
			isa = PBXFileSystemSynchronizedRootGroup;
			exceptions = (
				E7F96B862D8BF87300A19857 /* Exceptions for "Resources" folder in "Throttle 2" target */,
				E7A48F682E52DBE400EC9193 /* Exceptions for "Resources" folder in "Copy Bundle Resources" phase from "Throttle 2" target */,
			);
			path = Resources;
			sourceTree = "<group>";
		};
/* End PBXFileSystemSynchronizedRootGroup section */

/* Begin PBXFrameworksBuildPhase section */
		E7150E142D631D08009C4217 /* Frameworks */ = {
			isa = PBXFrameworksBuildPhase;
			buildActionMask = 2147483647;
			files = (
				E70D0AD52D9E84DD00C9CB48 /* Citadel in Frameworks */,
				E7F5F3F02D718B2700079054 /* FilePicker in Frameworks */,
				E7150E532D631F8B009C4217 /* KeychainAccess in Frameworks */,
				E76AA8B62D8423E00009CA6F /* SimpleToast in Frameworks */,
				E77791BD2DF16BAD0004A54D /* MobileVLCKit.xcframework in Frameworks */,
			);
			runOnlyForDeploymentPostprocessing = 0;
		};
		E7150E2B2D631D0A009C4217 /* Frameworks */ = {
			isa = PBXFrameworksBuildPhase;
			buildActionMask = 2147483647;
			files = (
			);
			runOnlyForDeploymentPostprocessing = 0;
		};
		E7150E352D631D0A009C4217 /* Frameworks */ = {
			isa = PBXFrameworksBuildPhase;
			buildActionMask = 2147483647;
			files = (
			);
			runOnlyForDeploymentPostprocessing = 0;
		};
/* End PBXFrameworksBuildPhase section */

/* Begin PBXGroup section */
		E7150E0E2D631D08009C4217 = {
			isa = PBXGroup;
			children = (
				E7F96B7A2D8BC88600A19857 /* Resources */,
				E77CF62C2D704F40002705A5 /* Throttle 2 */,
				E7BEDF602D6EF03300E72E6F /* Frameworks */,
				E7150E182D631D08009C4217 /* Products */,
				E7F968E72D89307700A19857 /* README.md */,
			);
			sourceTree = "<group>";
		};
		E7150E182D631D08009C4217 /* Products */ = {
			isa = PBXGroup;
			children = (
				E7150E172D631D08009C4217 /* Throttle 2.app */,
				E7150E2E2D631D0A009C4217 /* Throttle 2Tests.xctest */,
				E7150E382D631D0A009C4217 /* Throttle 2UITests.xctest */,
			);
			name = Products;
			sourceTree = "<group>";
		};
		E7BEDF602D6EF03300E72E6F /* Frameworks */ = {
			isa = PBXGroup;
			children = (
				E71532C02D77E0BD000BB18F /* MobileVLCKit.xcframework */,
				E7BEDF612D6EF03300E72E6F /* UniformTypeIdentifiers.framework */,
				E7F96D8C2D8F611800A19857 /* QuickLookThumbnailing.framework */,
				E7F96D8E2D8F611800A19857 /* Quartz.framework */,
			);
			name = Frameworks;
			sourceTree = "<group>";
		};
/* End PBXGroup section */

/* Begin PBXNativeTarget section */
		E7150E162D631D08009C4217 /* Throttle 2 */ = {
			isa = PBXNativeTarget;
			buildConfigurationList = E7150E412D631D0A009C4217 /* Build configuration list for PBXNativeTarget "Throttle 2" */;
			buildPhases = (
				E7150E132D631D08009C4217 /* Sources */,
				E7150E142D631D08009C4217 /* Frameworks */,
				E7150E152D631D08009C4217 /* Resources */,
				E7F96D9C2D8F611800A19857 /* Embed Foundation Extensions */,
				E73ED5362DD184A000933671 /* Copy Files */,
			);
			buildRules = (
			);
			dependencies = (
			);
			fileSystemSynchronizedGroups = (
				E77CF62C2D704F40002705A5 /* Throttle 2 */,
				E7F96B7A2D8BC88600A19857 /* Resources */,
			);
			name = "Throttle 2";
			packageProductDependencies = (
				E7150E522D631F8B009C4217 /* KeychainAccess */,
				E7F5F3EF2D718B2700079054 /* FilePicker */,
				E76AA8B52D8423E00009CA6F /* SimpleToast */,
				E70D0AD42D9E84DD00C9CB48 /* Citadel */,
			);
			productName = "Throttle 2";
			productReference = E7150E172D631D08009C4217 /* Throttle 2.app */;
			productType = "com.apple.product-type.application";
		};
		E7150E2D2D631D0A009C4217 /* Throttle 2Tests */ = {
			isa = PBXNativeTarget;
			buildConfigurationList = E7150E462D631D0A009C4217 /* Build configuration list for PBXNativeTarget "Throttle 2Tests" */;
			buildPhases = (
				E7150E2A2D631D0A009C4217 /* Sources */,
				E7150E2B2D631D0A009C4217 /* Frameworks */,
				E7150E2C2D631D0A009C4217 /* Resources */,
			);
			buildRules = (
			);
			dependencies = (
				E7150E302D631D0A009C4217 /* PBXTargetDependency */,
			);
			name = "Throttle 2Tests";
			productName = "Throttle 2Tests";
			productReference = E7150E2E2D631D0A009C4217 /* Throttle 2Tests.xctest */;
			productType = "com.apple.product-type.bundle.unit-test";
		};
		E7150E372D631D0A009C4217 /* Throttle 2UITests */ = {
			isa = PBXNativeTarget;
			buildConfigurationList = E7150E492D631D0A009C4217 /* Build configuration list for PBXNativeTarget "Throttle 2UITests" */;
			buildPhases = (
				E7150E342D631D0A009C4217 /* Sources */,
				E7150E352D631D0A009C4217 /* Frameworks */,
				E7150E362D631D0A009C4217 /* Resources */,
			);
			buildRules = (
			);
			dependencies = (
				E7150E3A2D631D0A009C4217 /* PBXTargetDependency */,
			);
			name = "Throttle 2UITests";
			productName = "Throttle 2UITests";
			productReference = E7150E382D631D0A009C4217 /* Throttle 2UITests.xctest */;
			productType = "com.apple.product-type.bundle.ui-testing";
		};
/* End PBXNativeTarget section */

/* Begin PBXProject section */
		E7150E0F2D631D08009C4217 /* Project object */ = {
			isa = PBXProject;
			attributes = {
				BuildIndependentTargetsInParallel = 1;
				LastSwiftUpdateCheck = 1630;
				LastUpgradeCheck = 1630;
				TargetAttributes = {
					E7150E162D631D08009C4217 = {
						CreatedOnToolsVersion = 16.2;
					};
					E7150E2D2D631D0A009C4217 = {
						CreatedOnToolsVersion = 16.2;
						TestTargetID = E7150E162D631D08009C4217;
					};
					E7150E372D631D0A009C4217 = {
						CreatedOnToolsVersion = 16.2;
						TestTargetID = E7150E162D631D08009C4217;
					};
				};
			};
			buildConfigurationList = E7150E122D631D08009C4217 /* Build configuration list for PBXProject "Throttle 2" */;
			developmentRegion = en;
			hasScannedForEncodings = 0;
			knownRegions = (
				en,
				Base,
			);
			mainGroup = E7150E0E2D631D08009C4217;
			minimizedProjectReferenceProxies = 1;
			packageReferences = (
				E7150E512D631F8B009C4217 /* XCRemoteSwiftPackageReference "KeychainAccess" */,
				E7F5F3EE2D718B2700079054 /* XCRemoteSwiftPackageReference "FilePicker" */,
				E76AA8B42D8423DF0009CA6F /* XCRemoteSwiftPackageReference "SimpleToast" */,
				E70D0AD32D9E84DD00C9CB48 /* XCRemoteSwiftPackageReference "Citadel" */,
			);
			preferredProjectObjectVersion = 77;
			productRefGroup = E7150E182D631D08009C4217 /* Products */;
			projectDirPath = "";
			projectRoot = "";
			targets = (
				E7150E162D631D08009C4217 /* Throttle 2 */,
				E7150E2D2D631D0A009C4217 /* Throttle 2Tests */,
				E7150E372D631D0A009C4217 /* Throttle 2UITests */,
			);
		};
/* End PBXProject section */

/* Begin PBXResourcesBuildPhase section */
		E7150E152D631D08009C4217 /* Resources */ = {
			isa = PBXResourcesBuildPhase;
			buildActionMask = 2147483647;
			files = (
				E7F968E82D89307700A19857 /* README.md in Resources */,
			);
			runOnlyForDeploymentPostprocessing = 0;
		};
		E7150E2C2D631D0A009C4217 /* Resources */ = {
			isa = PBXResourcesBuildPhase;
			buildActionMask = 2147483647;
			files = (
			);
			runOnlyForDeploymentPostprocessing = 0;
		};
		E7150E362D631D0A009C4217 /* Resources */ = {
			isa = PBXResourcesBuildPhase;
			buildActionMask = 2147483647;
			files = (
			);
			runOnlyForDeploymentPostprocessing = 0;
		};
/* End PBXResourcesBuildPhase section */

/* Begin PBXSourcesBuildPhase section */
		E7150E132D631D08009C4217 /* Sources */ = {
			isa = PBXSourcesBuildPhase;
			buildActionMask = 2147483647;
			files = (
			);
			runOnlyForDeploymentPostprocessing = 0;
		};
		E7150E2A2D631D0A009C4217 /* Sources */ = {
			isa = PBXSourcesBuildPhase;
			buildActionMask = 2147483647;
			files = (
			);
			runOnlyForDeploymentPostprocessing = 0;
		};
		E7150E342D631D0A009C4217 /* Sources */ = {
			isa = PBXSourcesBuildPhase;
			buildActionMask = 2147483647;
			files = (
			);
			runOnlyForDeploymentPostprocessing = 0;
		};
/* End PBXSourcesBuildPhase section */

/* Begin PBXTargetDependency section */
		E7150E302D631D0A009C4217 /* PBXTargetDependency */ = {
			isa = PBXTargetDependency;
			target = E7150E162D631D08009C4217 /* Throttle 2 */;
			targetProxy = E7150E2F2D631D0A009C4217 /* PBXContainerItemProxy */;
		};
		E7150E3A2D631D0A009C4217 /* PBXTargetDependency */ = {
			isa = PBXTargetDependency;
			target = E7150E162D631D08009C4217 /* Throttle 2 */;
			targetProxy = E7150E392D631D0A009C4217 /* PBXContainerItemProxy */;
		};
/* End PBXTargetDependency section */

/* Begin XCBuildConfiguration section */
		E7150E422D631D0A009C4217 /* Debug */ = {
			isa = XCBuildConfiguration;
			buildSettings = {
				ASSETCATALOG_COMPILER_APPICON_NAME = AppIcon;
				"ASSETCATALOG_COMPILER_APPICON_NAME[sdk=iphoneos*]" = AppIcon;
				"ASSETCATALOG_COMPILER_APPICON_NAME[sdk=macosx*]" = "AppIcon macOS";
				ASSETCATALOG_COMPILER_GLOBAL_ACCENT_COLOR_NAME = AccentColor;
				ASSETCATALOG_COMPILER_INCLUDE_ALL_APPICON_ASSETS = YES;
				CODE_SIGN_ENTITLEMENTS = "Throttle 2/Throttle_2.entitlements";
				"CODE_SIGN_IDENTITY[sdk=macosx*]" = "-";
				CODE_SIGN_STYLE = Automatic;
				CURRENT_PROJECT_VERSION = 1;
				DEAD_CODE_STRIPPING = YES;
				DEVELOPMENT_ASSET_PATHS = "";
				DEVELOPMENT_TEAM = LJM5HAT88S;
				ENABLE_HARDENED_RUNTIME = YES;
				ENABLE_PREVIEWS = YES;
				ENABLE_USER_SCRIPT_SANDBOXING = NO;
				FRAMEWORK_SEARCH_PATHS = "";
				GENERATE_INFOPLIST_FILE = YES;
				HEADER_SEARCH_PATHS = "";
				INFOPLIST_FILE = "Throttle 2/Info.plist";
				INFOPLIST_KEY_LSSupportsOpeningDocumentsInPlace = YES;
				INFOPLIST_KEY_NSDocumentsFolderUsageDescription = "This app requires access to documents to select files.";
				INFOPLIST_KEY_NSPhotoLibraryUsageDescription = "This app requires access to the photo library to select files.";
				"INFOPLIST_KEY_UIApplicationSceneManifest_Generation[sdk=iphoneos*]" = YES;
				"INFOPLIST_KEY_UIApplicationSceneManifest_Generation[sdk=iphonesimulator*]" = YES;
				"INFOPLIST_KEY_UIApplicationSupportsIndirectInputEvents[sdk=iphoneos*]" = YES;
				"INFOPLIST_KEY_UIApplicationSupportsIndirectInputEvents[sdk=iphonesimulator*]" = YES;
				"INFOPLIST_KEY_UILaunchScreen_Generation[sdk=iphoneos*]" = YES;
				"INFOPLIST_KEY_UILaunchScreen_Generation[sdk=iphonesimulator*]" = YES;
				"INFOPLIST_KEY_UIStatusBarStyle[sdk=iphoneos*]" = UIStatusBarStyleDefault;
				"INFOPLIST_KEY_UIStatusBarStyle[sdk=iphonesimulator*]" = UIStatusBarStyleDefault;
				INFOPLIST_KEY_UISupportedInterfaceOrientations = "UIInterfaceOrientationLandscapeLeft UIInterfaceOrientationLandscapeRight UIInterfaceOrientationPortrait";
				INFOPLIST_KEY_UISupportedInterfaceOrientations_iPad = "UIInterfaceOrientationLandscapeLeft UIInterfaceOrientationLandscapeRight UIInterfaceOrientationPortrait UIInterfaceOrientationPortraitUpsideDown";
				IPHONEOS_DEPLOYMENT_TARGET = 18.0;
				LD_RUNPATH_SEARCH_PATHS = "$(inherited)";
				"LD_RUNPATH_SEARCH_PATHS[sdk=macosx*]" = (
					"$(inherited)",
					"@executable_path/../Frameworks",
				);
				LIBRARY_SEARCH_PATHS = (
					"$(inherited)",
					"$(PROJECT_DIR)",
					"$(PROJECT_DIR)/Resources/lib",
					"$(PROJECT_DIR)/Resources",
				);
				MACOSX_DEPLOYMENT_TARGET = 15.0;
				MARKETING_VERSION = 1.6;
				OTHER_LDFLAGS = "";
				"OTHER_LDFLAGS[sdk=iphone*]" = (
					"$(inherited)",
					"-l\"bz2\"",
					"-l\"c++\"",
					"-l\"iconv\"",
					"-l\"xml2\"",
					"-l\"z\"",
					"-framework",
					"\"AVFoundation\"",
					"-framework",
					"\"AudioToolbox\"",
					"-framework",
					"\"CFNetwork\"",
					"-framework",
					"\"CoreGraphics\"",
					"-framework",
					"\"CoreMedia\"",
					"-framework",
					"\"CoreText\"",
					"-framework",
					"\"OpenGLES\"",
					"-framework",
					"\"QuartzCore\"",
					"-framework",
					"\"Security\"",
					"-framework",
					"\"VideoToolbox\"",
				);
				"OTHER_LDFLAGS[sdk=macosx*]" = (
					"$(inherited)",
					"-l\"bz2\"",
					"-l\"c++\"",
					"-l\"iconv\"",
					"-l\"xml2\"",
					"-l\"z\"",
					"-framework",
					"\"AVFoundation\"",
					"-framework",
					"\"AudioToolbox\"",
					"-framework",
					"\"CFNetwork\"",
					"-framework",
					"\"CoreGraphics\"",
					"-framework",
					"\"CoreMedia\"",
					"-framework",
					"\"CoreText\"",
					"-framework",
					"\"QuartzCore\"",
					"-framework",
					"\"Security\"",
					"-framework",
					"\"VideoToolbox\"",
				);
				OTHER_MODULE_VERIFIER_FLAGS = "$(inherited) \"[sdk=iphoneos*]\\\"-Fbuild/Debug/MobileVLCKit\\\" [sdk=iphonesimulator*]\\\"-Fbuild/Debug/MobileVLCKit\\\"\"";
				PRODUCT_BUNDLE_IDENTIFIER = "com.srgim.Throttle-2";
				"PRODUCT_BUNDLE_IDENTIFIER[sdk=iphoneos*]" = com.ishestakov.Throttle2;
				PRODUCT_NAME = "$(TARGET_NAME)";
				REGISTER_APP_GROUPS = YES;
				SDKROOT = auto;
				SUPPORTED_PLATFORMS = "iphoneos iphonesimulator macosx";
				SUPPORTS_MACCATALYST = NO;
				SUPPORTS_MAC_DESIGNED_FOR_IPHONE_IPAD = YES;
				SWIFT_EMIT_LOC_STRINGS = YES;
				SWIFT_OBJC_BRIDGING_HEADER = "";
				SWIFT_VERSION = 5.0;
				TARGETED_DEVICE_FAMILY = "1,2";
				XROS_DEPLOYMENT_TARGET = 2.2;
			};
			name = Debug;
		};
		E7150E432D631D0A009C4217 /* Release */ = {
			isa = XCBuildConfiguration;
			buildSettings = {
				ASSETCATALOG_COMPILER_APPICON_NAME = AppIcon;
				"ASSETCATALOG_COMPILER_APPICON_NAME[sdk=iphoneos*]" = AppIcon;
				"ASSETCATALOG_COMPILER_APPICON_NAME[sdk=macosx*]" = "AppIcon macOS";
				ASSETCATALOG_COMPILER_GLOBAL_ACCENT_COLOR_NAME = AccentColor;
				ASSETCATALOG_COMPILER_INCLUDE_ALL_APPICON_ASSETS = YES;
				CODE_SIGN_ENTITLEMENTS = "Throttle 2/Throttle 2Release.entitlements";
				"CODE_SIGN_IDENTITY[sdk=macosx*]" = "-";
				CODE_SIGN_STYLE = Automatic;
				CURRENT_PROJECT_VERSION = 1;
				DEAD_CODE_STRIPPING = YES;
				DEVELOPMENT_ASSET_PATHS = "";
				DEVELOPMENT_TEAM = LJM5HAT88S;
				ENABLE_HARDENED_RUNTIME = YES;
				ENABLE_PREVIEWS = YES;
				ENABLE_USER_SCRIPT_SANDBOXING = NO;
				FRAMEWORK_SEARCH_PATHS = "";
				GENERATE_INFOPLIST_FILE = YES;
				HEADER_SEARCH_PATHS = "";
				INFOPLIST_FILE = "Throttle 2/Info.plist";
				INFOPLIST_KEY_LSSupportsOpeningDocumentsInPlace = YES;
				INFOPLIST_KEY_NSDocumentsFolderUsageDescription = "This app requires access to documents to select files.";
				INFOPLIST_KEY_NSPhotoLibraryUsageDescription = "This app requires access to the photo library to select files.";
				"INFOPLIST_KEY_UIApplicationSceneManifest_Generation[sdk=iphoneos*]" = YES;
				"INFOPLIST_KEY_UIApplicationSceneManifest_Generation[sdk=iphonesimulator*]" = YES;
				"INFOPLIST_KEY_UIApplicationSupportsIndirectInputEvents[sdk=iphoneos*]" = YES;
				"INFOPLIST_KEY_UIApplicationSupportsIndirectInputEvents[sdk=iphonesimulator*]" = YES;
				"INFOPLIST_KEY_UILaunchScreen_Generation[sdk=iphoneos*]" = YES;
				"INFOPLIST_KEY_UILaunchScreen_Generation[sdk=iphonesimulator*]" = YES;
				"INFOPLIST_KEY_UIStatusBarStyle[sdk=iphoneos*]" = UIStatusBarStyleDefault;
				"INFOPLIST_KEY_UIStatusBarStyle[sdk=iphonesimulator*]" = UIStatusBarStyleDefault;
				INFOPLIST_KEY_UISupportedInterfaceOrientations = "UIInterfaceOrientationLandscapeLeft UIInterfaceOrientationLandscapeRight UIInterfaceOrientationPortrait";
				INFOPLIST_KEY_UISupportedInterfaceOrientations_iPad = "UIInterfaceOrientationLandscapeLeft UIInterfaceOrientationLandscapeRight UIInterfaceOrientationPortrait UIInterfaceOrientationPortraitUpsideDown";
				IPHONEOS_DEPLOYMENT_TARGET = 18.0;
				LD_RUNPATH_SEARCH_PATHS = "$(inherited)";
				"LD_RUNPATH_SEARCH_PATHS[sdk=macosx*]" = (
					"@executable_path/../Frameworks",
					"$(inherited)",
				);
				LIBRARY_SEARCH_PATHS = (
					"$(inherited)",
					"$(PROJECT_DIR)",
					"$(PROJECT_DIR)/Resources/lib",
					"$(PROJECT_DIR)/Resources",
				);
				MACOSX_DEPLOYMENT_TARGET = 15.0;
				MARKETING_VERSION = 1.6;
				OTHER_LDFLAGS = "";
				"OTHER_LDFLAGS[sdk=iphone*]" = (
					"$(inherited)",
					"-l\"bz2\"",
					"-l\"c++\"",
					"-l\"iconv\"",
					"-l\"xml2\"",
					"-l\"z\"",
					"-framework",
					"\"AVFoundation\"",
					"-framework",
					"\"AudioToolbox\"",
					"-framework",
					"\"CFNetwork\"",
					"-framework",
					"\"CoreGraphics\"",
					"-framework",
					"\"CoreMedia\"",
					"-framework",
					"\"CoreText\"",
					"-framework",
					"\"OpenGLES\"",
					"-framework",
					"\"QuartzCore\"",
					"-framework",
					"\"Security\"",
					"-framework",
					"\"VideoToolbox\"",
				);
				"OTHER_LDFLAGS[sdk=macosx*]" = (
					"$(inherited)",
					"-l\"bz2\"",
					"-l\"c++\"",
					"-l\"iconv\"",
					"-l\"xml2\"",
					"-l\"z\"",
					"-framework",
					"\"AVFoundation\"",
					"-framework",
					"\"AudioToolbox\"",
					"-framework",
					"\"CFNetwork\"",
					"-framework",
					"\"CoreGraphics\"",
					"-framework",
					"\"CoreMedia\"",
					"-framework",
					"\"CoreText\"",
					"-framework",
					"\"QuartzCore\"",
					"-framework",
					"\"Security\"",
					"-framework",
					"\"VideoToolbox\"",
				);
				OTHER_MODULE_VERIFIER_FLAGS = "$(inherited) \"[sdk=iphoneos*]\\\"-Fbuild/Debug/MobileVLCKit\\\" [sdk=iphonesimulator*]\\\"-Fbuild/Debug/MobileVLCKit\\\"\"";
				PRODUCT_BUNDLE_IDENTIFIER = "com.srgim.Throttle-2";
				"PRODUCT_BUNDLE_IDENTIFIER[sdk=iphoneos*]" = com.ishestakov.Throttle2;
				PRODUCT_NAME = "$(TARGET_NAME)";
				REGISTER_APP_GROUPS = YES;
				SDKROOT = auto;
				SUPPORTED_PLATFORMS = "iphoneos iphonesimulator macosx";
				SUPPORTS_MACCATALYST = NO;
				SUPPORTS_MAC_DESIGNED_FOR_IPHONE_IPAD = YES;
				SWIFT_EMIT_LOC_STRINGS = YES;
				SWIFT_OBJC_BRIDGING_HEADER = "";
				SWIFT_VERSION = 5.0;
				TARGETED_DEVICE_FAMILY = "1,2";
				XROS_DEPLOYMENT_TARGET = 2.2;
			};
			name = Release;
		};
		E7150E442D631D0A009C4217 /* Debug */ = {
			isa = XCBuildConfiguration;
			buildSettings = {
				ALWAYS_SEARCH_USER_PATHS = NO;
				ASSETCATALOG_COMPILER_GENERATE_SWIFT_ASSET_SYMBOL_EXTENSIONS = YES;
				CLANG_ANALYZER_NONNULL = YES;
				CLANG_ANALYZER_NUMBER_OBJECT_CONVERSION = YES_AGGRESSIVE;
				CLANG_CXX_LANGUAGE_STANDARD = "gnu++20";
				CLANG_ENABLE_MODULES = YES;
				CLANG_ENABLE_OBJC_ARC = YES;
				CLANG_ENABLE_OBJC_WEAK = YES;
				CLANG_WARN_BLOCK_CAPTURE_AUTORELEASING = YES;
				CLANG_WARN_BOOL_CONVERSION = YES;
				CLANG_WARN_COMMA = YES;
				CLANG_WARN_CONSTANT_CONVERSION = YES;
				CLANG_WARN_DEPRECATED_OBJC_IMPLEMENTATIONS = YES;
				CLANG_WARN_DIRECT_OBJC_ISA_USAGE = YES_ERROR;
				CLANG_WARN_DOCUMENTATION_COMMENTS = YES;
				CLANG_WARN_EMPTY_BODY = YES;
				CLANG_WARN_ENUM_CONVERSION = YES;
				CLANG_WARN_INFINITE_RECURSION = YES;
				CLANG_WARN_INT_CONVERSION = YES;
				CLANG_WARN_NON_LITERAL_NULL_CONVERSION = YES;
				CLANG_WARN_OBJC_IMPLICIT_RETAIN_SELF = YES;
				CLANG_WARN_OBJC_LITERAL_CONVERSION = YES;
				CLANG_WARN_OBJC_ROOT_CLASS = YES_ERROR;
				CLANG_WARN_QUOTED_INCLUDE_IN_FRAMEWORK_HEADER = YES;
				CLANG_WARN_RANGE_LOOP_ANALYSIS = YES;
				CLANG_WARN_STRICT_PROTOTYPES = YES;
				CLANG_WARN_SUSPICIOUS_MOVE = YES;
				CLANG_WARN_UNGUARDED_AVAILABILITY = YES_AGGRESSIVE;
				CLANG_WARN_UNREACHABLE_CODE = YES;
				CLANG_WARN__DUPLICATE_METHOD_MATCH = YES;
				COPY_PHASE_STRIP = NO;
				DEAD_CODE_STRIPPING = YES;
				DEBUG_INFORMATION_FORMAT = dwarf;
				DEVELOPMENT_TEAM = 93C9M7982M;
				ENABLE_STRICT_OBJC_MSGSEND = YES;
				ENABLE_TESTABILITY = YES;
				ENABLE_USER_SCRIPT_SANDBOXING = YES;
				GCC_C_LANGUAGE_STANDARD = gnu17;
				GCC_DYNAMIC_NO_PIC = NO;
				GCC_NO_COMMON_BLOCKS = YES;
				GCC_OPTIMIZATION_LEVEL = 0;
				GCC_PREPROCESSOR_DEFINITIONS = (
					"DEBUG=1",
					"$(inherited)",
				);
				GCC_WARN_64_TO_32_BIT_CONVERSION = YES;
				GCC_WARN_ABOUT_RETURN_TYPE = YES_ERROR;
				GCC_WARN_UNDECLARED_SELECTOR = YES;
				GCC_WARN_UNINITIALIZED_AUTOS = YES_AGGRESSIVE;
				GCC_WARN_UNUSED_FUNCTION = YES;
				GCC_WARN_UNUSED_VARIABLE = YES;
				LOCALIZATION_PREFERS_STRING_CATALOGS = YES;
				MTL_ENABLE_DEBUG_INFO = INCLUDE_SOURCE;
				MTL_FAST_MATH = YES;
				ONLY_ACTIVE_ARCH = YES;
				SWIFT_ACTIVE_COMPILATION_CONDITIONS = "DEBUG $(inherited)";
				SWIFT_OPTIMIZATION_LEVEL = "-Onone";
			};
			name = Debug;
		};
		E7150E452D631D0A009C4217 /* Release */ = {
			isa = XCBuildConfiguration;
			buildSettings = {
				ALWAYS_SEARCH_USER_PATHS = NO;
				ASSETCATALOG_COMPILER_GENERATE_SWIFT_ASSET_SYMBOL_EXTENSIONS = YES;
				CLANG_ANALYZER_NONNULL = YES;
				CLANG_ANALYZER_NUMBER_OBJECT_CONVERSION = YES_AGGRESSIVE;
				CLANG_CXX_LANGUAGE_STANDARD = "gnu++20";
				CLANG_ENABLE_MODULES = YES;
				CLANG_ENABLE_OBJC_ARC = YES;
				CLANG_ENABLE_OBJC_WEAK = YES;
				CLANG_WARN_BLOCK_CAPTURE_AUTORELEASING = YES;
				CLANG_WARN_BOOL_CONVERSION = YES;
				CLANG_WARN_COMMA = YES;
				CLANG_WARN_CONSTANT_CONVERSION = YES;
				CLANG_WARN_DEPRECATED_OBJC_IMPLEMENTATIONS = YES;
				CLANG_WARN_DIRECT_OBJC_ISA_USAGE = YES_ERROR;
				CLANG_WARN_DOCUMENTATION_COMMENTS = YES;
				CLANG_WARN_EMPTY_BODY = YES;
				CLANG_WARN_ENUM_CONVERSION = YES;
				CLANG_WARN_INFINITE_RECURSION = YES;
				CLANG_WARN_INT_CONVERSION = YES;
				CLANG_WARN_NON_LITERAL_NULL_CONVERSION = YES;
				CLANG_WARN_OBJC_IMPLICIT_RETAIN_SELF = YES;
				CLANG_WARN_OBJC_LITERAL_CONVERSION = YES;
				CLANG_WARN_OBJC_ROOT_CLASS = YES_ERROR;
				CLANG_WARN_QUOTED_INCLUDE_IN_FRAMEWORK_HEADER = YES;
				CLANG_WARN_RANGE_LOOP_ANALYSIS = YES;
				CLANG_WARN_STRICT_PROTOTYPES = YES;
				CLANG_WARN_SUSPICIOUS_MOVE = YES;
				CLANG_WARN_UNGUARDED_AVAILABILITY = YES_AGGRESSIVE;
				CLANG_WARN_UNREACHABLE_CODE = YES;
				CLANG_WARN__DUPLICATE_METHOD_MATCH = YES;
				COPY_PHASE_STRIP = NO;
				DEAD_CODE_STRIPPING = YES;
				DEBUG_INFORMATION_FORMAT = "dwarf-with-dsym";
				DEVELOPMENT_TEAM = 93C9M7982M;
				ENABLE_NS_ASSERTIONS = NO;
				ENABLE_STRICT_OBJC_MSGSEND = YES;
				ENABLE_USER_SCRIPT_SANDBOXING = YES;
				GCC_C_LANGUAGE_STANDARD = gnu17;
				GCC_NO_COMMON_BLOCKS = YES;
				GCC_WARN_64_TO_32_BIT_CONVERSION = YES;
				GCC_WARN_ABOUT_RETURN_TYPE = YES_ERROR;
				GCC_WARN_UNDECLARED_SELECTOR = YES;
				GCC_WARN_UNINITIALIZED_AUTOS = YES_AGGRESSIVE;
				GCC_WARN_UNUSED_FUNCTION = YES;
				GCC_WARN_UNUSED_VARIABLE = YES;
				LOCALIZATION_PREFERS_STRING_CATALOGS = YES;
				MTL_ENABLE_DEBUG_INFO = NO;
				MTL_FAST_MATH = YES;
				SWIFT_COMPILATION_MODE = wholemodule;
			};
			name = Release;
		};
		E7150E472D631D0A009C4217 /* Debug */ = {
			isa = XCBuildConfiguration;
			buildSettings = {
				BUNDLE_LOADER = "$(TEST_HOST)";
				CODE_SIGN_STYLE = Automatic;
				CURRENT_PROJECT_VERSION = 1;
				DEAD_CODE_STRIPPING = YES;
				GENERATE_INFOPLIST_FILE = YES;
				IPHONEOS_DEPLOYMENT_TARGET = 18.2;
				MACOSX_DEPLOYMENT_TARGET = 15.2;
				MARKETING_VERSION = 1.0;
				PRODUCT_BUNDLE_IDENTIFIER = "com.srgim.Throttle-2Tests";
				PRODUCT_NAME = "$(TARGET_NAME)";
				SDKROOT = auto;
				SUPPORTED_PLATFORMS = "iphoneos iphonesimulator macosx xros xrsimulator";
				SWIFT_EMIT_LOC_STRINGS = NO;
				SWIFT_VERSION = 5.0;
				TARGETED_DEVICE_FAMILY = "1,2,7";
				TEST_HOST = "$(BUILT_PRODUCTS_DIR)/Throttle 2.app/$(BUNDLE_EXECUTABLE_FOLDER_PATH)/Throttle 2";
				XROS_DEPLOYMENT_TARGET = 2.2;
			};
			name = Debug;
		};
		E7150E482D631D0A009C4217 /* Release */ = {
			isa = XCBuildConfiguration;
			buildSettings = {
				BUNDLE_LOADER = "$(TEST_HOST)";
				CODE_SIGN_STYLE = Automatic;
				CURRENT_PROJECT_VERSION = 1;
				DEAD_CODE_STRIPPING = YES;
				GENERATE_INFOPLIST_FILE = YES;
				IPHONEOS_DEPLOYMENT_TARGET = 18.2;
				MACOSX_DEPLOYMENT_TARGET = 15.2;
				MARKETING_VERSION = 1.0;
				PRODUCT_BUNDLE_IDENTIFIER = "com.srgim.Throttle-2Tests";
				PRODUCT_NAME = "$(TARGET_NAME)";
				SDKROOT = auto;
				SUPPORTED_PLATFORMS = "iphoneos iphonesimulator macosx xros xrsimulator";
				SWIFT_EMIT_LOC_STRINGS = NO;
				SWIFT_VERSION = 5.0;
				TARGETED_DEVICE_FAMILY = "1,2,7";
				TEST_HOST = "$(BUILT_PRODUCTS_DIR)/Throttle 2.app/$(BUNDLE_EXECUTABLE_FOLDER_PATH)/Throttle 2";
				XROS_DEPLOYMENT_TARGET = 2.2;
			};
			name = Release;
		};
		E7150E4A2D631D0A009C4217 /* Debug */ = {
			isa = XCBuildConfiguration;
			buildSettings = {
				CODE_SIGN_STYLE = Automatic;
				CURRENT_PROJECT_VERSION = 1;
				DEAD_CODE_STRIPPING = YES;
				GENERATE_INFOPLIST_FILE = YES;
				IPHONEOS_DEPLOYMENT_TARGET = 18.2;
				MACOSX_DEPLOYMENT_TARGET = 15.2;
				MARKETING_VERSION = 1.0;
				PRODUCT_BUNDLE_IDENTIFIER = "com.srgim.Throttle-2UITests";
				PRODUCT_NAME = "$(TARGET_NAME)";
				SDKROOT = auto;
				SUPPORTED_PLATFORMS = "iphoneos iphonesimulator macosx xros xrsimulator";
				SWIFT_EMIT_LOC_STRINGS = NO;
				SWIFT_VERSION = 5.0;
				TARGETED_DEVICE_FAMILY = "1,2,7";
				TEST_TARGET_NAME = "Throttle 2";
				XROS_DEPLOYMENT_TARGET = 2.2;
			};
			name = Debug;
		};
		E7150E4B2D631D0A009C4217 /* Release */ = {
			isa = XCBuildConfiguration;
			buildSettings = {
				CODE_SIGN_STYLE = Automatic;
				CURRENT_PROJECT_VERSION = 1;
				DEAD_CODE_STRIPPING = YES;
				GENERATE_INFOPLIST_FILE = YES;
				IPHONEOS_DEPLOYMENT_TARGET = 18.2;
				MACOSX_DEPLOYMENT_TARGET = 15.2;
				MARKETING_VERSION = 1.0;
				PRODUCT_BUNDLE_IDENTIFIER = "com.srgim.Throttle-2UITests";
				PRODUCT_NAME = "$(TARGET_NAME)";
				SDKROOT = auto;
				SUPPORTED_PLATFORMS = "iphoneos iphonesimulator macosx xros xrsimulator";
				SWIFT_EMIT_LOC_STRINGS = NO;
				SWIFT_VERSION = 5.0;
				TARGETED_DEVICE_FAMILY = "1,2,7";
				TEST_TARGET_NAME = "Throttle 2";
				XROS_DEPLOYMENT_TARGET = 2.2;
			};
			name = Release;
		};
/* End XCBuildConfiguration section */

/* Begin XCConfigurationList section */
		E7150E122D631D08009C4217 /* Build configuration list for PBXProject "Throttle 2" */ = {
			isa = XCConfigurationList;
			buildConfigurations = (
				E7150E442D631D0A009C4217 /* Debug */,
				E7150E452D631D0A009C4217 /* Release */,
			);
			defaultConfigurationIsVisible = 0;
			defaultConfigurationName = Release;
		};
		E7150E412D631D0A009C4217 /* Build configuration list for PBXNativeTarget "Throttle 2" */ = {
			isa = XCConfigurationList;
			buildConfigurations = (
				E7150E422D631D0A009C4217 /* Debug */,
				E7150E432D631D0A009C4217 /* Release */,
			);
			defaultConfigurationIsVisible = 0;
			defaultConfigurationName = Release;
		};
		E7150E462D631D0A009C4217 /* Build configuration list for PBXNativeTarget "Throttle 2Tests" */ = {
			isa = XCConfigurationList;
			buildConfigurations = (
				E7150E472D631D0A009C4217 /* Debug */,
				E7150E482D631D0A009C4217 /* Release */,
			);
			defaultConfigurationIsVisible = 0;
			defaultConfigurationName = Release;
		};
		E7150E492D631D0A009C4217 /* Build configuration list for PBXNativeTarget "Throttle 2UITests" */ = {
			isa = XCConfigurationList;
			buildConfigurations = (
				E7150E4A2D631D0A009C4217 /* Debug */,
				E7150E4B2D631D0A009C4217 /* Release */,
			);
			defaultConfigurationIsVisible = 0;
			defaultConfigurationName = Release;
		};
/* End XCConfigurationList section */

/* Begin XCRemoteSwiftPackageReference section */
		E70D0AD32D9E84DD00C9CB48 /* XCRemoteSwiftPackageReference "Citadel" */ = {
			isa = XCRemoteSwiftPackageReference;
			repositoryURL = "https://github.com/orlandos-nl/Citadel";
			requirement = {
				kind = upToNextMajorVersion;
				minimumVersion = 0.9.2;
			};
		};
		E7150E512D631F8B009C4217 /* XCRemoteSwiftPackageReference "KeychainAccess" */ = {
			isa = XCRemoteSwiftPackageReference;
			repositoryURL = "https://github.com/kishikawakatsumi/KeychainAccess";
			requirement = {
				branch = master;
				kind = branch;
			};
		};
		E76AA8B42D8423DF0009CA6F /* XCRemoteSwiftPackageReference "SimpleToast" */ = {
			isa = XCRemoteSwiftPackageReference;
			repositoryURL = "https://github.com/sanzaru/SimpleToast.git";
			requirement = {
				kind = upToNextMajorVersion;
				minimumVersion = 0.10.1;
			};
		};
		E7F5F3EE2D718B2700079054 /* XCRemoteSwiftPackageReference "FilePicker" */ = {
			isa = XCRemoteSwiftPackageReference;
			repositoryURL = "https://github.com/markrenaud/FilePicker";
			requirement = {
				kind = upToNextMajorVersion;
				minimumVersion = 1.0.1;
			};
		};
/* End XCRemoteSwiftPackageReference section */

/* Begin XCSwiftPackageProductDependency section */
		E70D0AD42D9E84DD00C9CB48 /* Citadel */ = {
			isa = XCSwiftPackageProductDependency;
			package = E70D0AD32D9E84DD00C9CB48 /* XCRemoteSwiftPackageReference "Citadel" */;
			productName = Citadel;
		};
		E7150E522D631F8B009C4217 /* KeychainAccess */ = {
			isa = XCSwiftPackageProductDependency;
			package = E7150E512D631F8B009C4217 /* XCRemoteSwiftPackageReference "KeychainAccess" */;
			productName = KeychainAccess;
		};
		E76AA8B52D8423E00009CA6F /* SimpleToast */ = {
			isa = XCSwiftPackageProductDependency;
			package = E76AA8B42D8423DF0009CA6F /* XCRemoteSwiftPackageReference "SimpleToast" */;
			productName = SimpleToast;
		};
		E7F5F3EF2D718B2700079054 /* FilePicker */ = {
			isa = XCSwiftPackageProductDependency;
			package = E7F5F3EE2D718B2700079054 /* XCRemoteSwiftPackageReference "FilePicker" */;
			productName = FilePicker;
		};
/* End XCSwiftPackageProductDependency section */
	};
	rootObject = E7150E0F2D631D08009C4217 /* Project object */;
}
